// !$*UTF8*$!
{
	archiveVersion = 1;
	classes = {
	};
	objectVersion = 56;
	objects = {

/* Begin PBXBuildFile section */
		061CAE29290ABB9B00283C46 /* AddNewBookViewController.swift in Sources */ = {isa = PBXBuildFile; fileRef = 061CAE28290ABB9B00283C46 /* AddNewBookViewController.swift */; };
		06B9603E2906A6BE0061A1CC /* AppDelegate.swift in Sources */ = {isa = PBXBuildFile; fileRef = 06B9603D2906A6BE0061A1CC /* AppDelegate.swift */; };
		06B960402906A6BE0061A1CC /* SceneDelegate.swift in Sources */ = {isa = PBXBuildFile; fileRef = 06B9603F2906A6BE0061A1CC /* SceneDelegate.swift */; };
		06B960452906A6BE0061A1CC /* Main.storyboard in Resources */ = {isa = PBXBuildFile; fileRef = 06B960432906A6BE0061A1CC /* Main.storyboard */; };
		06B960472906A6BF0061A1CC /* Assets.xcassets in Resources */ = {isa = PBXBuildFile; fileRef = 06B960462906A6BF0061A1CC /* Assets.xcassets */; };
		06B9604A2906A6BF0061A1CC /* LaunchScreen.storyboard in Resources */ = {isa = PBXBuildFile; fileRef = 06B960482906A6BF0061A1CC /* LaunchScreen.storyboard */; };
		06B960522906A8CC0061A1CC /* LibViewController.swift in Sources */ = {isa = PBXBuildFile; fileRef = 06B960512906A8CC0061A1CC /* LibViewController.swift */; };
		06B960542906A9740061A1CC /* Books.swift in Sources */ = {isa = PBXBuildFile; fileRef = 06B960532906A9740061A1CC /* Books.swift */; };
		06B960562906B5A70061A1CC /* BookInfoViewController.swift in Sources */ = {isa = PBXBuildFile; fileRef = 06B960552906B5A70061A1CC /* BookInfoViewController.swift */; };
		74B24202293EBE120015B836 /* Realm in Frameworks */ = {isa = PBXBuildFile; productRef = 74B24201293EBE120015B836 /* Realm */; };
		74B24204293EBE120015B836 /* RealmSwift in Frameworks */ = {isa = PBXBuildFile; productRef = 74B24203293EBE120015B836 /* RealmSwift */; };
		74B24206293EBFBE0015B836 /* DataManager.swift in Sources */ = {isa = PBXBuildFile; fileRef = 74B24205293EBFBE0015B836 /* DataManager.swift */; };
		74B24208293EC5E70015B836 /* FavouriteBooksViewController.swift in Sources */ = {isa = PBXBuildFile; fileRef = 74B24207293EC5E70015B836 /* FavouriteBooksViewController.swift */; };
		74FB368E292C09D3005FC12E /* MenuViewController.swift in Sources */ = {isa = PBXBuildFile; fileRef = 74FB368D292C09D3005FC12E /* MenuViewController.swift */; };
		74FB3690292C1586005FC12E /* StorageManager.swift in Sources */ = {isa = PBXBuildFile; fileRef = 74FB368F292C1586005FC12E /* StorageManager.swift */; };
/* End PBXBuildFile section */

/* Begin PBXFileReference section */
		061CAE28290ABB9B00283C46 /* AddNewBookViewController.swift */ = {isa = PBXFileReference; lastKnownFileType = sourcecode.swift; path = AddNewBookViewController.swift; sourceTree = "<group>"; };
		06B9603A2906A6BE0061A1CC /* HomeLibApp.app */ = {isa = PBXFileReference; explicitFileType = wrapper.application; includeInIndex = 0; path = HomeLibApp.app; sourceTree = BUILT_PRODUCTS_DIR; };
		06B9603D2906A6BE0061A1CC /* AppDelegate.swift */ = {isa = PBXFileReference; lastKnownFileType = sourcecode.swift; path = AppDelegate.swift; sourceTree = "<group>"; };
		06B9603F2906A6BE0061A1CC /* SceneDelegate.swift */ = {isa = PBXFileReference; lastKnownFileType = sourcecode.swift; path = SceneDelegate.swift; sourceTree = "<group>"; };
		06B960442906A6BE0061A1CC /* Base */ = {isa = PBXFileReference; lastKnownFileType = file.storyboard; name = Base; path = Base.lproj/Main.storyboard; sourceTree = "<group>"; };
		06B960462906A6BF0061A1CC /* Assets.xcassets */ = {isa = PBXFileReference; lastKnownFileType = folder.assetcatalog; path = Assets.xcassets; sourceTree = "<group>"; };
		06B960492906A6BF0061A1CC /* Base */ = {isa = PBXFileReference; lastKnownFileType = file.storyboard; name = Base; path = Base.lproj/LaunchScreen.storyboard; sourceTree = "<group>"; };
		06B9604B2906A6BF0061A1CC /* Info.plist */ = {isa = PBXFileReference; lastKnownFileType = text.plist.xml; path = Info.plist; sourceTree = "<group>"; };
		06B960512906A8CC0061A1CC /* LibViewController.swift */ = {isa = PBXFileReference; lastKnownFileType = sourcecode.swift; path = LibViewController.swift; sourceTree = "<group>"; };
		06B960532906A9740061A1CC /* Books.swift */ = {isa = PBXFileReference; lastKnownFileType = sourcecode.swift; path = Books.swift; sourceTree = "<group>"; };
		06B960552906B5A70061A1CC /* BookInfoViewController.swift */ = {isa = PBXFileReference; lastKnownFileType = sourcecode.swift; path = BookInfoViewController.swift; sourceTree = "<group>"; };
		74B24205293EBFBE0015B836 /* DataManager.swift */ = {isa = PBXFileReference; lastKnownFileType = sourcecode.swift; path = DataManager.swift; sourceTree = "<group>"; };
		74B24207293EC5E70015B836 /* FavouriteBooksViewController.swift */ = {isa = PBXFileReference; lastKnownFileType = sourcecode.swift; path = FavouriteBooksViewController.swift; sourceTree = "<group>"; };
		74FB368D292C09D3005FC12E /* MenuViewController.swift */ = {isa = PBXFileReference; lastKnownFileType = sourcecode.swift; path = MenuViewController.swift; sourceTree = "<group>"; };
		74FB368F292C1586005FC12E /* StorageManager.swift */ = {isa = PBXFileReference; lastKnownFileType = sourcecode.swift; path = StorageManager.swift; sourceTree = "<group>"; };
/* End PBXFileReference section */

/* Begin PBXFrameworksBuildPhase section */
		06B960372906A6BE0061A1CC /* Frameworks */ = {
			isa = PBXFrameworksBuildPhase;
			buildActionMask = 2147483647;
			files = (
				74B24204293EBE120015B836 /* RealmSwift in Frameworks */,
				74B24202293EBE120015B836 /* Realm in Frameworks */,
			);
			runOnlyForDeploymentPostprocessing = 0;
		};
/* End PBXFrameworksBuildPhase section */

/* Begin PBXGroup section */
		06B960312906A6BE0061A1CC = {
			isa = PBXGroup;
			children = (
				06B9603C2906A6BE0061A1CC /* HomeLibApp */,
				06B9603B2906A6BE0061A1CC /* Products */,
			);
			sourceTree = "<group>";
		};
		06B9603B2906A6BE0061A1CC /* Products */ = {
			isa = PBXGroup;
			children = (
				06B9603A2906A6BE0061A1CC /* HomeLibApp.app */,
			);
			name = Products;
			sourceTree = "<group>";
		};
		06B9603C2906A6BE0061A1CC /* HomeLibApp */ = {
			isa = PBXGroup;
			children = (
				06B9603D2906A6BE0061A1CC /* AppDelegate.swift */,
				06B9603F2906A6BE0061A1CC /* SceneDelegate.swift */,
				06B960512906A8CC0061A1CC /* LibViewController.swift */,
				06B960552906B5A70061A1CC /* BookInfoViewController.swift */,
				74FB368F292C1586005FC12E /* StorageManager.swift */,
				061CAE28290ABB9B00283C46 /* AddNewBookViewController.swift */,
				74B24205293EBFBE0015B836 /* DataManager.swift */,
				06B960532906A9740061A1CC /* Books.swift */,
				74FB368D292C09D3005FC12E /* MenuViewController.swift */,
				74B24207293EC5E70015B836 /* FavouriteBooksViewController.swift */,
				06B960432906A6BE0061A1CC /* Main.storyboard */,
				06B960462906A6BF0061A1CC /* Assets.xcassets */,
				06B960482906A6BF0061A1CC /* LaunchScreen.storyboard */,
				06B9604B2906A6BF0061A1CC /* Info.plist */,
			);
			path = HomeLibApp;
			sourceTree = "<group>";
		};
/* End PBXGroup section */

/* Begin PBXNativeTarget section */
		06B960392906A6BE0061A1CC /* HomeLibApp */ = {
			isa = PBXNativeTarget;
			buildConfigurationList = 06B9604E2906A6BF0061A1CC /* Build configuration list for PBXNativeTarget "HomeLibApp" */;
			buildPhases = (
				06B960362906A6BE0061A1CC /* Sources */,
				06B960372906A6BE0061A1CC /* Frameworks */,
				06B960382906A6BE0061A1CC /* Resources */,
			);
			buildRules = (
			);
			dependencies = (
			);
			name = HomeLibApp;
			packageProductDependencies = (
				74B24201293EBE120015B836 /* Realm */,
				74B24203293EBE120015B836 /* RealmSwift */,
			);
			productName = HomeLibApp;
			productReference = 06B9603A2906A6BE0061A1CC /* HomeLibApp.app */;
			productType = "com.apple.product-type.application";
		};
/* End PBXNativeTarget section */

/* Begin PBXProject section */
		06B960322906A6BE0061A1CC /* Project object */ = {
			isa = PBXProject;
			attributes = {
				BuildIndependentTargetsInParallel = 1;
				LastSwiftUpdateCheck = 1400;
				LastUpgradeCheck = 1400;
				TargetAttributes = {
					06B960392906A6BE0061A1CC = {
						CreatedOnToolsVersion = 14.0.1;
					};
				};
			};
			buildConfigurationList = 06B960352906A6BE0061A1CC /* Build configuration list for PBXProject "HomeLibApp" */;
			compatibilityVersion = "Xcode 14.0";
			developmentRegion = en;
			hasScannedForEncodings = 0;
			knownRegions = (
				en,
				Base,
			);
			mainGroup = 06B960312906A6BE0061A1CC;
			packageReferences = (
				74B24200293EBE120015B836 /* XCRemoteSwiftPackageReference "realm-swift" */,
			);
			productRefGroup = 06B9603B2906A6BE0061A1CC /* Products */;
			projectDirPath = "";
			projectRoot = "";
			targets = (
				06B960392906A6BE0061A1CC /* HomeLibApp */,
			);
		};
/* End PBXProject section */

/* Begin PBXResourcesBuildPhase section */
		06B960382906A6BE0061A1CC /* Resources */ = {
			isa = PBXResourcesBuildPhase;
			buildActionMask = 2147483647;
			files = (
				06B9604A2906A6BF0061A1CC /* LaunchScreen.storyboard in Resources */,
				06B960472906A6BF0061A1CC /* Assets.xcassets in Resources */,
				06B960452906A6BE0061A1CC /* Main.storyboard in Resources */,
			);
			runOnlyForDeploymentPostprocessing = 0;
		};
/* End PBXResourcesBuildPhase section */

/* Begin PBXSourcesBuildPhase section */
		06B960362906A6BE0061A1CC /* Sources */ = {
			isa = PBXSourcesBuildPhase;
			buildActionMask = 2147483647;
			files = (
				06B960542906A9740061A1CC /* Books.swift in Sources */,
				74B24208293EC5E70015B836 /* FavouriteBooksViewController.swift in Sources */,
				06B960562906B5A70061A1CC /* BookInfoViewController.swift in Sources */,
				061CAE29290ABB9B00283C46 /* AddNewBookViewController.swift in Sources */,
				74FB368E292C09D3005FC12E /* MenuViewController.swift in Sources */,
				06B960522906A8CC0061A1CC /* LibViewController.swift in Sources */,
				06B9603E2906A6BE0061A1CC /* AppDelegate.swift in Sources */,
				06B960402906A6BE0061A1CC /* SceneDelegate.swift in Sources */,
				74B24206293EBFBE0015B836 /* DataManager.swift in Sources */,
				74FB3690292C1586005FC12E /* StorageManager.swift in Sources */,
			);
			runOnlyForDeploymentPostprocessing = 0;
		};
/* End PBXSourcesBuildPhase section */

/* Begin PBXVariantGroup section */
		06B960432906A6BE0061A1CC /* Main.storyboard */ = {
			isa = PBXVariantGroup;
			children = (
				06B960442906A6BE0061A1CC /* Base */,
			);
			name = Main.storyboard;
			sourceTree = "<group>";
		};
		06B960482906A6BF0061A1CC /* LaunchScreen.storyboard */ = {
			isa = PBXVariantGroup;
			children = (
				06B960492906A6BF0061A1CC /* Base */,
			);
			name = LaunchScreen.storyboard;
			sourceTree = "<group>";
		};
/* End PBXVariantGroup section */

/* Begin XCBuildConfiguration section */
		06B9604C2906A6BF0061A1CC /* Debug */ = {
			isa = XCBuildConfiguration;
			buildSettings = {
				ALWAYS_SEARCH_USER_PATHS = NO;
				CLANG_ANALYZER_NONNULL = YES;
				CLANG_ANALYZER_NUMBER_OBJECT_CONVERSION = YES_AGGRESSIVE;
				CLANG_CXX_LANGUAGE_STANDARD = "gnu++20";
				CLANG_ENABLE_MODULES = YES;
				CLANG_ENABLE_OBJC_ARC = YES;
				CLANG_ENABLE_OBJC_WEAK = YES;
				CLANG_WARN_BLOCK_CAPTURE_AUTORELEASING = YES;
				CLANG_WARN_BOOL_CONVERSION = YES;
				CLANG_WARN_COMMA = YES;
				CLANG_WARN_CONSTANT_CONVERSION = YES;
				CLANG_WARN_DEPRECATED_OBJC_IMPLEMENTATIONS = YES;
				CLANG_WARN_DIRECT_OBJC_ISA_USAGE = YES_ERROR;
				CLANG_WARN_DOCUMENTATION_COMMENTS = YES;
				CLANG_WARN_EMPTY_BODY = YES;
				CLANG_WARN_ENUM_CONVERSION = YES;
				CLANG_WARN_INFINITE_RECURSION = YES;
				CLANG_WARN_INT_CONVERSION = YES;
				CLANG_WARN_NON_LITERAL_NULL_CONVERSION = YES;
				CLANG_WARN_OBJC_IMPLICIT_RETAIN_SELF = YES;
				CLANG_WARN_OBJC_LITERAL_CONVERSION = YES;
				CLANG_WARN_OBJC_ROOT_CLASS = YES_ERROR;
				CLANG_WARN_QUOTED_INCLUDE_IN_FRAMEWORK_HEADER = YES;
				CLANG_WARN_RANGE_LOOP_ANALYSIS = YES;
				CLANG_WARN_STRICT_PROTOTYPES = YES;
				CLANG_WARN_SUSPICIOUS_MOVE = YES;
				CLANG_WARN_UNGUARDED_AVAILABILITY = YES_AGGRESSIVE;
				CLANG_WARN_UNREACHABLE_CODE = YES;
				CLANG_WARN__DUPLICATE_METHOD_MATCH = YES;
				COPY_PHASE_STRIP = NO;
				DEBUG_INFORMATION_FORMAT = dwarf;
				ENABLE_STRICT_OBJC_MSGSEND = YES;
				ENABLE_TESTABILITY = YES;
				GCC_C_LANGUAGE_STANDARD = gnu11;
				GCC_DYNAMIC_NO_PIC = NO;
				GCC_NO_COMMON_BLOCKS = YES;
				GCC_OPTIMIZATION_LEVEL = 0;
				GCC_PREPROCESSOR_DEFINITIONS = (
					"DEBUG=1",
					"$(inherited)",
				);
				GCC_WARN_64_TO_32_BIT_CONVERSION = YES;
				GCC_WARN_ABOUT_RETURN_TYPE = YES_ERROR;
				GCC_WARN_UNDECLARED_SELECTOR = YES;
				GCC_WARN_UNINITIALIZED_AUTOS = YES_AGGRESSIVE;
				GCC_WARN_UNUSED_FUNCTION = YES;
				GCC_WARN_UNUSED_VARIABLE = YES;
				IPHONEOS_DEPLOYMENT_TARGET = 16.0;
				MTL_ENABLE_DEBUG_INFO = INCLUDE_SOURCE;
				MTL_FAST_MATH = YES;
				ONLY_ACTIVE_ARCH = YES;
				SDKROOT = iphoneos;
				SWIFT_ACTIVE_COMPILATION_CONDITIONS = DEBUG;
				SWIFT_OPTIMIZATION_LEVEL = "-Onone";
			};
			name = Debug;
		};
		06B9604D2906A6BF0061A1CC /* Release */ = {
			isa = XCBuildConfiguration;
			buildSettings = {
				ALWAYS_SEARCH_USER_PATHS = NO;
				CLANG_ANALYZER_NONNULL = YES;
				CLANG_ANALYZER_NUMBER_OBJECT_CONVERSION = YES_AGGRESSIVE;
				CLANG_CXX_LANGUAGE_STANDARD = "gnu++20";
				CLANG_ENABLE_MODULES = YES;
				CLANG_ENABLE_OBJC_ARC = YES;
				CLANG_ENABLE_OBJC_WEAK = YES;
				CLANG_WARN_BLOCK_CAPTURE_AUTORELEASING = YES;
				CLANG_WARN_BOOL_CONVERSION = YES;
				CLANG_WARN_COMMA = YES;
				CLANG_WARN_CONSTANT_CONVERSION = YES;
				CLANG_WARN_DEPRECATED_OBJC_IMPLEMENTATIONS = YES;
				CLANG_WARN_DIRECT_OBJC_ISA_USAGE = YES_ERROR;
				CLANG_WARN_DOCUMENTATION_COMMENTS = YES;
				CLANG_WARN_EMPTY_BODY = YES;
				CLANG_WARN_ENUM_CONVERSION = YES;
				CLANG_WARN_INFINITE_RECURSION = YES;
				CLANG_WARN_INT_CONVERSION = YES;
				CLANG_WARN_NON_LITERAL_NULL_CONVERSION = YES;
				CLANG_WARN_OBJC_IMPLICIT_RETAIN_SELF = YES;
				CLANG_WARN_OBJC_LITERAL_CONVERSION = YES;
				CLANG_WARN_OBJC_ROOT_CLASS = YES_ERROR;
				CLANG_WARN_QUOTED_INCLUDE_IN_FRAMEWORK_HEADER = YES;
				CLANG_WARN_RANGE_LOOP_ANALYSIS = YES;
				CLANG_WARN_STRICT_PROTOTYPES = YES;
				CLANG_WARN_SUSPICIOUS_MOVE = YES;
				CLANG_WARN_UNGUARDED_AVAILABILITY = YES_AGGRESSIVE;
				CLANG_WARN_UNREACHABLE_CODE = YES;
				CLANG_WARN__DUPLICATE_METHOD_MATCH = YES;
				COPY_PHASE_STRIP = NO;
				DEBUG_INFORMATION_FORMAT = "dwarf-with-dsym";
				ENABLE_NS_ASSERTIONS = NO;
				ENABLE_STRICT_OBJC_MSGSEND = YES;
				GCC_C_LANGUAGE_STANDARD = gnu11;
				GCC_NO_COMMON_BLOCKS = YES;
				GCC_WARN_64_TO_32_BIT_CONVERSION = YES;
				GCC_WARN_ABOUT_RETURN_TYPE = YES_ERROR;
				GCC_WARN_UNDECLARED_SELECTOR = YES;
				GCC_WARN_UNINITIALIZED_AUTOS = YES_AGGRESSIVE;
				GCC_WARN_UNUSED_FUNCTION = YES;
				GCC_WARN_UNUSED_VARIABLE = YES;
				IPHONEOS_DEPLOYMENT_TARGET = 16.0;
				MTL_ENABLE_DEBUG_INFO = NO;
				MTL_FAST_MATH = YES;
				SDKROOT = iphoneos;
				SWIFT_COMPILATION_MODE = wholemodule;
				SWIFT_OPTIMIZATION_LEVEL = "-O";
				VALIDATE_PRODUCT = YES;
			};
			name = Release;
		};
		06B9604F2906A6BF0061A1CC /* Debug */ = {
			isa = XCBuildConfiguration;
			buildSettings = {
				ASSETCATALOG_COMPILER_APPICON_NAME = AppIcon;
				ASSETCATALOG_COMPILER_GLOBAL_ACCENT_COLOR_NAME = AccentColor;
				CODE_SIGN_STYLE = Automatic;
				CURRENT_PROJECT_VERSION = 1;
				GENERATE_INFOPLIST_FILE = YES;
				INFOPLIST_FILE = HomeLibApp/Info.plist;
				INFOPLIST_KEY_UIApplicationSupportsIndirectInputEvents = YES;
				INFOPLIST_KEY_UILaunchStoryboardName = LaunchScreen;
				INFOPLIST_KEY_UIMainStoryboardFile = Main;
				INFOPLIST_KEY_UIStatusBarStyle = "";
				INFOPLIST_KEY_UISupportedInterfaceOrientations = UIInterfaceOrientationPortrait;
				INFOPLIST_KEY_UISupportedInterfaceOrientations_iPad = "UIInterfaceOrientationLandscapeLeft UIInterfaceOrientationLandscapeRight UIInterfaceOrientationPortrait UIInterfaceOrientationPortraitUpsideDown";
				IPHONEOS_DEPLOYMENT_TARGET = 15.0;
				LD_RUNPATH_SEARCH_PATHS = (
					"$(inherited)",
					"@executable_path/Frameworks",
				);
				MARKETING_VERSION = 1.0;
				PRODUCT_BUNDLE_IDENTIFIER = ioer.HomeLibApp;
				PRODUCT_NAME = "$(TARGET_NAME)";
				SUPPORTED_PLATFORMS = "iphoneos iphonesimulator";
				SUPPORTS_MACCATALYST = NO;
				SUPPORTS_MAC_DESIGNED_FOR_IPHONE_IPAD = NO;
				SWIFT_EMIT_LOC_STRINGS = YES;
				SWIFT_VERSION = 5.0;
				TARGETED_DEVICE_FAMILY = 1;
			};
			name = Debug;
		};
		06B960502906A6BF0061A1CC /* Release */ = {
			isa = XCBuildConfiguration;
			buildSettings = {
				ASSETCATALOG_COMPILER_APPICON_NAME = AppIcon;
				ASSETCATALOG_COMPILER_GLOBAL_ACCENT_COLOR_NAME = AccentColor;
				CODE_SIGN_STYLE = Automatic;
				CURRENT_PROJECT_VERSION = 1;
				GENERATE_INFOPLIST_FILE = YES;
				INFOPLIST_FILE = HomeLibApp/Info.plist;
				INFOPLIST_KEY_UIApplicationSupportsIndirectInputEvents = YES;
				INFOPLIST_KEY_UILaunchStoryboardName = LaunchScreen;
				INFOPLIST_KEY_UIMainStoryboardFile = Main;
				INFOPLIST_KEY_UIStatusBarStyle = "";
				INFOPLIST_KEY_UISupportedInterfaceOrientations = UIInterfaceOrientationPortrait;
				INFOPLIST_KEY_UISupportedInterfaceOrientations_iPad = "UIInterfaceOrientationLandscapeLeft UIInterfaceOrientationLandscapeRight UIInterfaceOrientationPortrait UIInterfaceOrientationPortraitUpsideDown";
				IPHONEOS_DEPLOYMENT_TARGET = 15.0;
				LD_RUNPATH_SEARCH_PATHS = (
					"$(inherited)",
					"@executable_path/Frameworks",
				);
				MARKETING_VERSION = 1.0;
				PRODUCT_BUNDLE_IDENTIFIER = ioer.HomeLibApp;
				PRODUCT_NAME = "$(TARGET_NAME)";
				SUPPORTED_PLATFORMS = "iphoneos iphonesimulator";
				SUPPORTS_MACCATALYST = NO;
				SUPPORTS_MAC_DESIGNED_FOR_IPHONE_IPAD = NO;
				SWIFT_EMIT_LOC_STRINGS = YES;
				SWIFT_VERSION = 5.0;
				TARGETED_DEVICE_FAMILY = 1;
			};
			name = Release;
		};
/* End XCBuildConfiguration section */

/* Begin XCConfigurationList section */
		06B960352906A6BE0061A1CC /* Build configuration list for PBXProject "HomeLibApp" */ = {
			isa = XCConfigurationList;
			buildConfigurations = (
				06B9604C2906A6BF0061A1CC /* Debug */,
				06B9604D2906A6BF0061A1CC /* Release */,
			);
			defaultConfigurationIsVisible = 0;
			defaultConfigurationName = Release;
		};
		06B9604E2906A6BF0061A1CC /* Build configuration list for PBXNativeTarget "HomeLibApp" */ = {
			isa = XCConfigurationList;
			buildConfigurations = (
				06B9604F2906A6BF0061A1CC /* Debug */,
				06B960502906A6BF0061A1CC /* Release */,
			);
			defaultConfigurationIsVisible = 0;
			defaultConfigurationName = Release;
		};
/* End XCConfigurationList section */

/* Begin XCRemoteSwiftPackageReference section */
		74B24200293EBE120015B836 /* XCRemoteSwiftPackageReference "realm-swift" */ = {
			isa = XCRemoteSwiftPackageReference;
			repositoryURL = "https://github.com/realm/realm-swift.git";
			requirement = {
				branch = master;
				kind = branch;
			};
		};
/* End XCRemoteSwiftPackageReference section */

/* Begin XCSwiftPackageProductDependency section */
		74B24201293EBE120015B836 /* Realm */ = {
			isa = XCSwiftPackageProductDependency;
			package = 74B24200293EBE120015B836 /* XCRemoteSwiftPackageReference "realm-swift" */;
			productName = Realm;
		};
		74B24203293EBE120015B836 /* RealmSwift */ = {
			isa = XCSwiftPackageProductDependency;
			package = 74B24200293EBE120015B836 /* XCRemoteSwiftPackageReference "realm-swift" */;
			productName = RealmSwift;
		};
/* End XCSwiftPackageProductDependency section */
	};
	rootObject = 06B960322906A6BE0061A1CC /* Project object */;
}
